
Microsoft Visual Studio Solution File, Format Version 12.00
# Visual Studio Version 17
VisualStudioVersion = 17.10.35122.118
MinimumVisualStudioVersion = 10.0.40219.1
Project("{9A19103F-16F7-4668-BE54-9A1E7A4F7556}") = "AuthorizerLambda", "AuthorizerLambda\AuthorizerLambda.csproj", "{DDDC61E1-B234-4E6F-B860-4B6212F1B5D6}"
EndProject
Global
	GlobalSection(SolutionConfigurationPlatforms) = preSolution
		Debug|Any CPU = Debug|Any CPU
		Release|Any CPU = Release|Any CPU
	EndGlobalSection
	GlobalSection(ProjectConfigurationPlatforms) = postSolution
		{DDDC61E1-B234-4E6F-B860-4B6212F1B5D6}.Debug|Any CPU.ActiveCfg = Debug|Any CPU
		{DDDC61E1-B234-4E6F-B860-4B6212F1B5D6}.Debug|Any CPU.Build.0 = Debug|Any CPU
		{DDDC61E1-B234-4E6F-B860-4B6212F1B5D6}.Release|Any CPU.ActiveCfg = Release|Any CPU
		{DDDC61E1-B234-4E6F-B860-4B6212F1B5D6}.Release|Any CPU.Build.0 = Release|Any CPU
	EndGlobalSection
	GlobalSection(SolutionProperties) = preSolution
		HideSolutionNode = FALSE
	EndGlobalSection
	GlobalSection(ExtensibilityGlobals) = postSolution
		SolutionGuid = {530F5180-22F7-4704-BACD-57D36114E2ED}
	EndGlobalSection
EndGlobal
